
Microsoft Visual Studio Solution File, Format Version 12.00
# Visual Studio Version 16
VisualStudioVersion = 16.0.31019.35
MinimumVisualStudioVersion = 10.0.40219.1
Project("{FAE04EC0-301F-11D3-BF4B-00C04F79EFBC}") = "mercadito", "mercadito.csproj", "{CDD44CE9-C7EE-45E3-BEFB-DBA1BA8193CA}"
EndProject
Global
	GlobalSection(SolutionConfigurationPlatforms) = preSolution
		Debug|Any CPU = Debug|Any CPU
		Release|Any CPU = Release|Any CPU
	EndGlobalSection
	GlobalSection(ProjectConfigurationPlatforms) = postSolution
		{CDD44CE9-C7EE-45E3-BEFB-DBA1BA8193CA}.Debug|Any CPU.ActiveCfg = Debug|Any CPU
		{CDD44CE9-C7EE-45E3-BEFB-DBA1BA8193CA}.Debug|Any CPU.Build.0 = Debug|Any CPU
		{CDD44CE9-C7EE-45E3-BEFB-DBA1BA8193CA}.Release|Any CPU.ActiveCfg = Release|Any CPU
		{CDD44CE9-C7EE-45E3-BEFB-DBA1BA8193CA}.Release|Any CPU.Build.0 = Release|Any CPU
	EndGlobalSection
	GlobalSection(SolutionProperties) = preSolution
		HideSolutionNode = FALSE
	EndGlobalSection
	GlobalSection(ExtensibilityGlobals) = postSolution
		SolutionGuid = {4D930645-413B-4E18-8EE1-DC43022FB4D2}
	EndGlobalSection
EndGlobal
