
Microsoft Visual Studio Solution File, Format Version 12.00
# Visual Studio Version 16
VisualStudioVersion = 16.0.31019.35
MinimumVisualStudioVersion = 10.0.40219.1
Project("{FAE04EC0-301F-11D3-BF4B-00C04F79EFBC}") = "Calculadoraa", "Calculadoraa.csproj", "{F5570A30-E8B3-4344-9C9D-C24C34C38353}"
EndProject
Global
	GlobalSection(SolutionConfigurationPlatforms) = preSolution
		Debug|Any CPU = Debug|Any CPU
		Release|Any CPU = Release|Any CPU
	EndGlobalSection
	GlobalSection(ProjectConfigurationPlatforms) = postSolution
		{F5570A30-E8B3-4344-9C9D-C24C34C38353}.Debug|Any CPU.ActiveCfg = Debug|Any CPU
		{F5570A30-E8B3-4344-9C9D-C24C34C38353}.Debug|Any CPU.Build.0 = Debug|Any CPU
		{F5570A30-E8B3-4344-9C9D-C24C34C38353}.Release|Any CPU.ActiveCfg = Release|Any CPU
		{F5570A30-E8B3-4344-9C9D-C24C34C38353}.Release|Any CPU.Build.0 = Release|Any CPU
	EndGlobalSection
	GlobalSection(SolutionProperties) = preSolution
		HideSolutionNode = FALSE
	EndGlobalSection
	GlobalSection(ExtensibilityGlobals) = postSolution
		SolutionGuid = {A1CB3792-83B2-459B-AFA4-153C61377173}
	EndGlobalSection
EndGlobal
